
Microsoft Visual Studio Solution File, Format Version 12.00
Project("{FAE04EC0-301F-11D3-BF4B-00C04F79EFBC}") = "FS.API", "FS.API\FS.API.csproj", "{0BB94F7C-F7D6-4135-A103-18F79B7D9507}"
EndProject
Project("{FAE04EC0-301F-11D3-BF4B-00C04F79EFBC}") = "FS.Core", "FS.Core\FS.Core.csproj", "{2D0BC4C9-14F4-4DAE-9D6A-7F383407F3E4}"
EndProject
Project("{2150E333-8FDC-42A3-9474-1A3956D46DE8}") = "Application", "Application", "{17713F1F-637E-4D0B-8E18-D964C8461B19}"
EndProject
Project("{FAE04EC0-301F-11D3-BF4B-00C04F79EFBC}") = "FS.Application", "FS.Application\FS.Application.csproj", "{3124FD44-C216-4920-A51A-9C2781A45794}"
EndProject
Project("{2150E333-8FDC-42A3-9474-1A3956D46DE8}") = "Persistence", "Persistence", "{1CDE9E86-D6D4-404E-BA79-66C4E4A6BDCE}"
EndProject
Project("{FAE04EC0-301F-11D3-BF4B-00C04F79EFBC}") = "FS.Persistence", "FS.Persistence\FS.Persistence.csproj", "{86466CC4-98B3-4048-980F-DE8490F87497}"
EndProject
Project("{FAE04EC0-301F-11D3-BF4B-00C04F79EFBC}") = "FS.JWT", "FS.JWT\FS.JWT.csproj", "{EE29C55B-0EB0-425A-A4BA-7EC99E8DF291}"
EndProject
Project("{FAE04EC0-301F-11D3-BF4B-00C04F79EFBC}") = "FS.Migrations", "FS.Migrations\FS.Migrations.csproj", "{D2E93FE6-E6E8-4326-9D70-D089DA8B8ACC}"
EndProject
Project("{FAE04EC0-301F-11D3-BF4B-00C04F79EFBC}") = "FS.Contracts", "FS.Contracts\FS.Contracts.csproj", "{64588199-9FCB-4CCC-AAC4-01A5B2BC3426}"
EndProject
Project("{2150E333-8FDC-42A3-9474-1A3956D46DE8}") = "Solution Items", "Solution Items", "{8F9FD046-93B7-43F8-91C5-3C4724738E4D}"
	ProjectSection(SolutionItems) = preProject
		compose.yaml = compose.yaml
	EndProjectSection
EndProject
Project("{FAE04EC0-301F-11D3-BF4B-00C04F79EFBC}") = "FS.RabbitMq", "FS.RabbitMq\FS.RabbitMq.csproj", "{F578C5E3-27D1-44E4-9049-4FDCC8862EB6}"
EndProject
Global
	GlobalSection(SolutionConfigurationPlatforms) = preSolution
		Debug|Any CPU = Debug|Any CPU
		Release|Any CPU = Release|Any CPU
	EndGlobalSection
	GlobalSection(ProjectConfigurationPlatforms) = postSolution
		{0BB94F7C-F7D6-4135-A103-18F79B7D9507}.Debug|Any CPU.ActiveCfg = Debug|Any CPU
		{0BB94F7C-F7D6-4135-A103-18F79B7D9507}.Debug|Any CPU.Build.0 = Debug|Any CPU
		{0BB94F7C-F7D6-4135-A103-18F79B7D9507}.Release|Any CPU.ActiveCfg = Release|Any CPU
		{0BB94F7C-F7D6-4135-A103-18F79B7D9507}.Release|Any CPU.Build.0 = Release|Any CPU
		{2D0BC4C9-14F4-4DAE-9D6A-7F383407F3E4}.Debug|Any CPU.ActiveCfg = Debug|Any CPU
		{2D0BC4C9-14F4-4DAE-9D6A-7F383407F3E4}.Debug|Any CPU.Build.0 = Debug|Any CPU
		{2D0BC4C9-14F4-4DAE-9D6A-7F383407F3E4}.Release|Any CPU.ActiveCfg = Release|Any CPU
		{2D0BC4C9-14F4-4DAE-9D6A-7F383407F3E4}.Release|Any CPU.Build.0 = Release|Any CPU
		{3124FD44-C216-4920-A51A-9C2781A45794}.Debug|Any CPU.ActiveCfg = Debug|Any CPU
		{3124FD44-C216-4920-A51A-9C2781A45794}.Debug|Any CPU.Build.0 = Debug|Any CPU
		{3124FD44-C216-4920-A51A-9C2781A45794}.Release|Any CPU.ActiveCfg = Release|Any CPU
		{3124FD44-C216-4920-A51A-9C2781A45794}.Release|Any CPU.Build.0 = Release|Any CPU
		{86466CC4-98B3-4048-980F-DE8490F87497}.Debug|Any CPU.ActiveCfg = Debug|Any CPU
		{86466CC4-98B3-4048-980F-DE8490F87497}.Debug|Any CPU.Build.0 = Debug|Any CPU
		{86466CC4-98B3-4048-980F-DE8490F87497}.Release|Any CPU.ActiveCfg = Release|Any CPU
		{86466CC4-98B3-4048-980F-DE8490F87497}.Release|Any CPU.Build.0 = Release|Any CPU
		{EE29C55B-0EB0-425A-A4BA-7EC99E8DF291}.Debug|Any CPU.ActiveCfg = Debug|Any CPU
		{EE29C55B-0EB0-425A-A4BA-7EC99E8DF291}.Debug|Any CPU.Build.0 = Debug|Any CPU
		{EE29C55B-0EB0-425A-A4BA-7EC99E8DF291}.Release|Any CPU.ActiveCfg = Release|Any CPU
		{EE29C55B-0EB0-425A-A4BA-7EC99E8DF291}.Release|Any CPU.Build.0 = Release|Any CPU
		{D2E93FE6-E6E8-4326-9D70-D089DA8B8ACC}.Debug|Any CPU.ActiveCfg = Debug|Any CPU
		{D2E93FE6-E6E8-4326-9D70-D089DA8B8ACC}.Debug|Any CPU.Build.0 = Debug|Any CPU
		{D2E93FE6-E6E8-4326-9D70-D089DA8B8ACC}.Release|Any CPU.ActiveCfg = Release|Any CPU
		{D2E93FE6-E6E8-4326-9D70-D089DA8B8ACC}.Release|Any CPU.Build.0 = Release|Any CPU
		{64588199-9FCB-4CCC-AAC4-01A5B2BC3426}.Debug|Any CPU.ActiveCfg = Debug|Any CPU
		{64588199-9FCB-4CCC-AAC4-01A5B2BC3426}.Debug|Any CPU.Build.0 = Debug|Any CPU
		{64588199-9FCB-4CCC-AAC4-01A5B2BC3426}.Release|Any CPU.ActiveCfg = Release|Any CPU
		{64588199-9FCB-4CCC-AAC4-01A5B2BC3426}.Release|Any CPU.Build.0 = Release|Any CPU
		{F578C5E3-27D1-44E4-9049-4FDCC8862EB6}.Debug|Any CPU.ActiveCfg = Debug|Any CPU
		{F578C5E3-27D1-44E4-9049-4FDCC8862EB6}.Debug|Any CPU.Build.0 = Debug|Any CPU
		{F578C5E3-27D1-44E4-9049-4FDCC8862EB6}.Release|Any CPU.ActiveCfg = Release|Any CPU
		{F578C5E3-27D1-44E4-9049-4FDCC8862EB6}.Release|Any CPU.Build.0 = Release|Any CPU
	EndGlobalSection
	GlobalSection(NestedProjects) = preSolution
		{3124FD44-C216-4920-A51A-9C2781A45794} = {17713F1F-637E-4D0B-8E18-D964C8461B19}
		{86466CC4-98B3-4048-980F-DE8490F87497} = {1CDE9E86-D6D4-404E-BA79-66C4E4A6BDCE}
		{EE29C55B-0EB0-425A-A4BA-7EC99E8DF291} = {17713F1F-637E-4D0B-8E18-D964C8461B19}
		{D2E93FE6-E6E8-4326-9D70-D089DA8B8ACC} = {1CDE9E86-D6D4-404E-BA79-66C4E4A6BDCE}
	EndGlobalSection
EndGlobal
